
Microsoft Visual Studio Solution File, Format Version 12.00
# Visual Studio Version 17
VisualStudioVersion = 17.3.32819.101
MinimumVisualStudioVersion = 10.0.40219.1
Project("{FAE04EC0-301F-11D3-BF4B-00C04F79EFBC}") = "Li_James_HW1", "Li_James_HW1\Li_James_HW1.csproj", "{CA03BF5B-4ABD-4FB4-8FE5-3F0B6B31F10B}"
EndProject
Global
	GlobalSection(SolutionConfigurationPlatforms) = preSolution
		Debug|Any CPU = Debug|Any CPU
		Release|Any CPU = Release|Any CPU
	EndGlobalSection
	GlobalSection(ProjectConfigurationPlatforms) = postSolution
		{CA03BF5B-4ABD-4FB4-8FE5-3F0B6B31F10B}.Debug|Any CPU.ActiveCfg = Debug|Any CPU
		{CA03BF5B-4ABD-4FB4-8FE5-3F0B6B31F10B}.Debug|Any CPU.Build.0 = Debug|Any CPU
		{CA03BF5B-4ABD-4FB4-8FE5-3F0B6B31F10B}.Release|Any CPU.ActiveCfg = Release|Any CPU
		{CA03BF5B-4ABD-4FB4-8FE5-3F0B6B31F10B}.Release|Any CPU.Build.0 = Release|Any CPU
	EndGlobalSection
	GlobalSection(SolutionProperties) = preSolution
		HideSolutionNode = FALSE
	EndGlobalSection
	GlobalSection(ExtensibilityGlobals) = postSolution
		SolutionGuid = {37F3EB50-D681-4FDE-9E88-3D74C78EC715}
	EndGlobalSection
EndGlobal
